
Microsoft Visual Studio Solution File, Format Version 12.00
# Visual Studio Version 17
VisualStudioVersion = 17.8.34408.163
MinimumVisualStudioVersion = 10.0.40219.1
Project("{FAE04EC0-301F-11D3-BF4B-00C04F79EFBC}") = "skola2", "skola2\skola2.csproj", "{496725FF-AB83-4C1F-A498-1291A1C7E645}"
EndProject
Global
	GlobalSection(SolutionConfigurationPlatforms) = preSolution
		Debug|Any CPU = Debug|Any CPU
		Release|Any CPU = Release|Any CPU
	EndGlobalSection
	GlobalSection(ProjectConfigurationPlatforms) = postSolution
		{496725FF-AB83-4C1F-A498-1291A1C7E645}.Debug|Any CPU.ActiveCfg = Debug|Any CPU
		{496725FF-AB83-4C1F-A498-1291A1C7E645}.Debug|Any CPU.Build.0 = Debug|Any CPU
		{496725FF-AB83-4C1F-A498-1291A1C7E645}.Release|Any CPU.ActiveCfg = Release|Any CPU
		{496725FF-AB83-4C1F-A498-1291A1C7E645}.Release|Any CPU.Build.0 = Release|Any CPU
	EndGlobalSection
	GlobalSection(SolutionProperties) = preSolution
		HideSolutionNode = FALSE
	EndGlobalSection
	GlobalSection(ExtensibilityGlobals) = postSolution
		SolutionGuid = {31CB45C4-2498-4080-9D96-39DB514D3D6E}
	EndGlobalSection
EndGlobal
